
Microsoft Visual Studio Solution File, Format Version 12.00
# Visual Studio Version 16
VisualStudioVersion = 16.0.30011.22
MinimumVisualStudioVersion = 10.0.40219.1
Project("{FAE04EC0-301F-11D3-BF4B-00C04F79EFBC}") = "MiniTotalCommander", "MiniTotalCommander.csproj", "{95E76444-1C66-4084-9D32-25F56521C6A8}"
EndProject
Global
	GlobalSection(SolutionConfigurationPlatforms) = preSolution
		Debug|Any CPU = Debug|Any CPU
		Release|Any CPU = Release|Any CPU
	EndGlobalSection
	GlobalSection(ProjectConfigurationPlatforms) = postSolution
		{95E76444-1C66-4084-9D32-25F56521C6A8}.Debug|Any CPU.ActiveCfg = Debug|Any CPU
		{95E76444-1C66-4084-9D32-25F56521C6A8}.Debug|Any CPU.Build.0 = Debug|Any CPU
		{95E76444-1C66-4084-9D32-25F56521C6A8}.Release|Any CPU.ActiveCfg = Release|Any CPU
		{95E76444-1C66-4084-9D32-25F56521C6A8}.Release|Any CPU.Build.0 = Release|Any CPU
	EndGlobalSection
	GlobalSection(SolutionProperties) = preSolution
		HideSolutionNode = FALSE
	EndGlobalSection
	GlobalSection(ExtensibilityGlobals) = postSolution
		SolutionGuid = {2B5241B4-FD45-4C10-A3DD-E3CA4BDAAFA0}
	EndGlobalSection
EndGlobal
